// !$*UTF8*$!
{
	archiveVersion = 1;
	classes = {
	};
	objectVersion = 55;
	objects = {

/* Begin PBXBuildFile section */
		7D172FD1288DD8E4000B8192 /* home.swift in Sources */ = {isa = PBXBuildFile; fileRef = 7D172FD0288DD8E4000B8192 /* home.swift */; };
		7D172FD3288DDA74000B8192 /* CustumDatePicker.swift in Sources */ = {isa = PBXBuildFile; fileRef = 7D172FD2288DDA74000B8192 /* CustumDatePicker.swift */; };
		7D172FD5288EEDB3000B8192 /* DateValue.swift in Sources */ = {isa = PBXBuildFile; fileRef = 7D172FD4288EEDB3000B8192 /* DateValue.swift */; };
		7D26EE7D289C0D8900E64997 /* LocalNotifications.swift in Sources */ = {isa = PBXBuildFile; fileRef = 7D26EE7C289C0D8800E64997 /* LocalNotifications.swift */; };
		7D7E1DA228A83EC300ED037B /* SetUpofTasks.swift in Sources */ = {isa = PBXBuildFile; fileRef = 7D7E1DA128A83EC300ED037B /* SetUpofTasks.swift */; };
		7DABCD21288316C000C77562 /* calendarApp.swift in Sources */ = {isa = PBXBuildFile; fileRef = 7DABCD11288316BE00C77562 /* calendarApp.swift */; };
		7DABCD22288316C000C77562 /* calendarApp.swift in Sources */ = {isa = PBXBuildFile; fileRef = 7DABCD11288316BE00C77562 /* calendarApp.swift */; };
		7DABCD25288316C000C77562 /* Assets.xcassets in Resources */ = {isa = PBXBuildFile; fileRef = 7DABCD13288316C000C77562 /* Assets.xcassets */; };
		7DABCD26288316C000C77562 /* Assets.xcassets in Resources */ = {isa = PBXBuildFile; fileRef = 7DABCD13288316C000C77562 /* Assets.xcassets */; };
		7DD5B12B28A2A88600E32E5F /* Launch Screen.storyboard in Resources */ = {isa = PBXBuildFile; fileRef = 7DD5B12A28A2A88600E32E5F /* Launch Screen.storyboard */; };
		7DF9E9572890482E001024EA /* Task.swift in Sources */ = {isa = PBXBuildFile; fileRef = 7DF9E9562890482E001024EA /* Task.swift */; };
		7DF9E9592893051F001024EA /* AddTask.swift in Sources */ = {isa = PBXBuildFile; fileRef = 7DF9E9582893051F001024EA /* AddTask.swift */; };
/* End PBXBuildFile section */

/* Begin PBXFileReference section */
		7D172FD0288DD8E4000B8192 /* home.swift */ = {isa = PBXFileReference; lastKnownFileType = sourcecode.swift; path = home.swift; sourceTree = "<group>"; };
		7D172FD2288DDA74000B8192 /* CustumDatePicker.swift */ = {isa = PBXFileReference; lastKnownFileType = sourcecode.swift; path = CustumDatePicker.swift; sourceTree = "<group>"; };
		7D172FD4288EEDB3000B8192 /* DateValue.swift */ = {isa = PBXFileReference; lastKnownFileType = sourcecode.swift; path = DateValue.swift; sourceTree = "<group>"; };
		7D26EE7C289C0D8800E64997 /* LocalNotifications.swift */ = {isa = PBXFileReference; lastKnownFileType = sourcecode.swift; path = LocalNotifications.swift; sourceTree = "<group>"; };
		7D7E1DA128A83EC300ED037B /* SetUpofTasks.swift */ = {isa = PBXFileReference; lastKnownFileType = sourcecode.swift; path = SetUpofTasks.swift; sourceTree = "<group>"; };
		7DABCD11288316BE00C77562 /* calendarApp.swift */ = {isa = PBXFileReference; lastKnownFileType = sourcecode.swift; path = calendarApp.swift; sourceTree = "<group>"; };
		7DABCD13288316C000C77562 /* Assets.xcassets */ = {isa = PBXFileReference; lastKnownFileType = folder.assetcatalog; path = Assets.xcassets; sourceTree = "<group>"; };
		7DABCD18288316C000C77562 /* Don't Forget!.app */ = {isa = PBXFileReference; explicitFileType = wrapper.application; includeInIndex = 0; path = "Don't Forget!.app"; sourceTree = BUILT_PRODUCTS_DIR; };
		7DABCD1E288316C000C77562 /* calendar.app */ = {isa = PBXFileReference; explicitFileType = wrapper.application; includeInIndex = 0; path = calendar.app; sourceTree = BUILT_PRODUCTS_DIR; };
		7DABCD20288316C000C77562 /* macOS.entitlements */ = {isa = PBXFileReference; lastKnownFileType = text.plist.entitlements; path = macOS.entitlements; sourceTree = "<group>"; };
		7DD5B12A28A2A88600E32E5F /* Launch Screen.storyboard */ = {isa = PBXFileReference; lastKnownFileType = file.storyboard; path = "Launch Screen.storyboard"; sourceTree = "<group>"; };
		7DF9E9562890482E001024EA /* Task.swift */ = {isa = PBXFileReference; lastKnownFileType = sourcecode.swift; path = Task.swift; sourceTree = "<group>"; };
		7DF9E9582893051F001024EA /* AddTask.swift */ = {isa = PBXFileReference; lastKnownFileType = sourcecode.swift; path = AddTask.swift; sourceTree = "<group>"; wrapsLines = 1; };
/* End PBXFileReference section */

/* Begin PBXFrameworksBuildPhase section */
		7DABCD15288316C000C77562 /* Frameworks */ = {
			isa = PBXFrameworksBuildPhase;
			buildActionMask = 2147483647;
			files = (
			);
			runOnlyForDeploymentPostprocessing = 0;
		};
		7DABCD1B288316C000C77562 /* Frameworks */ = {
			isa = PBXFrameworksBuildPhase;
			buildActionMask = 2147483647;
			files = (
			);
			runOnlyForDeploymentPostprocessing = 0;
		};
/* End PBXFrameworksBuildPhase section */

/* Begin PBXGroup section */
		7D172FCD288DD899000B8192 /* Model */ = {
			isa = PBXGroup;
			children = (
				7D172FD4288EEDB3000B8192 /* DateValue.swift */,
				7DF9E9562890482E001024EA /* Task.swift */,
				7D26EE7C289C0D8800E64997 /* LocalNotifications.swift */,
			);
			path = Model;
			sourceTree = "<group>";
		};
		7D172FCF288DD8B7000B8192 /* View */ = {
			isa = PBXGroup;
			children = (
				7DD5B12A28A2A88600E32E5F /* Launch Screen.storyboard */,
				7D172FD0288DD8E4000B8192 /* home.swift */,
				7D172FD2288DDA74000B8192 /* CustumDatePicker.swift */,
				7D7E1DA128A83EC300ED037B /* SetUpofTasks.swift */,
			);
			path = View;
			sourceTree = "<group>";
		};
		7DABCD0B288316BE00C77562 = {
			isa = PBXGroup;
			children = (
				7DABCD10288316BE00C77562 /* Shared */,
				7DABCD1F288316C000C77562 /* macOS */,
				7DABCD19288316C000C77562 /* Products */,
			);
			sourceTree = "<group>";
		};
		7DABCD10288316BE00C77562 /* Shared */ = {
			isa = PBXGroup;
			children = (
				7DD5B12628A2A3B900E32E5F /* ViewModel */,
				7D172FCF288DD8B7000B8192 /* View */,
				7D172FCD288DD899000B8192 /* Model */,
				7DABCD11288316BE00C77562 /* calendarApp.swift */,
				7DABCD13288316C000C77562 /* Assets.xcassets */,
			);
			path = Shared;
			sourceTree = "<group>";
		};
		7DABCD19288316C000C77562 /* Products */ = {
			isa = PBXGroup;
			children = (
				7DABCD18288316C000C77562 /* Don't Forget!.app */,
				7DABCD1E288316C000C77562 /* calendar.app */,
			);
			name = Products;
			sourceTree = "<group>";
		};
		7DABCD1F288316C000C77562 /* macOS */ = {
			isa = PBXGroup;
			children = (
				7DABCD20288316C000C77562 /* macOS.entitlements */,
			);
			path = macOS;
			sourceTree = "<group>";
		};
		7DD5B12628A2A3B900E32E5F /* ViewModel */ = {
			isa = PBXGroup;
			children = (
				7DF9E9582893051F001024EA /* AddTask.swift */,
			);
			path = ViewModel;
			sourceTree = "<group>";
		};
/* End PBXGroup section */

/* Begin PBXNativeTarget section */
		7DABCD17288316C000C77562 /* calendar (iOS) */ = {
			isa = PBXNativeTarget;
			buildConfigurationList = 7DABCD29288316C000C77562 /* Build configuration list for PBXNativeTarget "calendar (iOS)" */;
			buildPhases = (
				7DABCD14288316C000C77562 /* Sources */,
				7DABCD15288316C000C77562 /* Frameworks */,
				7DABCD16288316C000C77562 /* Resources */,
			);
			buildRules = (
			);
			dependencies = (
			);
			name = "calendar (iOS)";
			productName = "calendar (iOS)";
			productReference = 7DABCD18288316C000C77562 /* Don't Forget!.app */;
			productType = "com.apple.product-type.application";
		};
		7DABCD1D288316C000C77562 /* calendar (macOS) */ = {
			isa = PBXNativeTarget;
			buildConfigurationList = 7DABCD2C288316C000C77562 /* Build configuration list for PBXNativeTarget "calendar (macOS)" */;
			buildPhases = (
				7DABCD1A288316C000C77562 /* Sources */,
				7DABCD1B288316C000C77562 /* Frameworks */,
				7DABCD1C288316C000C77562 /* Resources */,
			);
			buildRules = (
			);
			dependencies = (
			);
			name = "calendar (macOS)";
			productName = "calendar (macOS)";
			productReference = 7DABCD1E288316C000C77562 /* calendar.app */;
			productType = "com.apple.product-type.application";
		};
/* End PBXNativeTarget section */

/* Begin PBXProject section */
		7DABCD0C288316BE00C77562 /* Project object */ = {
			isa = PBXProject;
			attributes = {
				BuildIndependentTargetsInParallel = 1;
				LastSwiftUpdateCheck = 1340;
				LastUpgradeCheck = 1340;
				TargetAttributes = {
					7DABCD17288316C000C77562 = {
						CreatedOnToolsVersion = 13.4.1;
					};
					7DABCD1D288316C000C77562 = {
						CreatedOnToolsVersion = 13.4.1;
					};
				};
			};
			buildConfigurationList = 7DABCD0F288316BE00C77562 /* Build configuration list for PBXProject "calendar" */;
			compatibilityVersion = "Xcode 13.0";
			developmentRegion = en;
			hasScannedForEncodings = 0;
			knownRegions = (
				en,
				Base,
			);
			mainGroup = 7DABCD0B288316BE00C77562;
			productRefGroup = 7DABCD19288316C000C77562 /* Products */;
			projectDirPath = "";
			projectRoot = "";
			targets = (
				7DABCD17288316C000C77562 /* calendar (iOS) */,
				7DABCD1D288316C000C77562 /* calendar (macOS) */,
			);
		};
/* End PBXProject section */

/* Begin PBXResourcesBuildPhase section */
		7DABCD16288316C000C77562 /* Resources */ = {
			isa = PBXResourcesBuildPhase;
			buildActionMask = 2147483647;
			files = (
				7DD5B12B28A2A88600E32E5F /* Launch Screen.storyboard in Resources */,
				7DABCD25288316C000C77562 /* Assets.xcassets in Resources */,
			);
			runOnlyForDeploymentPostprocessing = 0;
		};
		7DABCD1C288316C000C77562 /* Resources */ = {
			isa = PBXResourcesBuildPhase;
			buildActionMask = 2147483647;
			files = (
				7DABCD26288316C000C77562 /* Assets.xcassets in Resources */,
			);
			runOnlyForDeploymentPostprocessing = 0;
		};
/* End PBXResourcesBuildPhase section */

/* Begin PBXSourcesBuildPhase section */
		7DABCD14288316C000C77562 /* Sources */ = {
			isa = PBXSourcesBuildPhase;
			buildActionMask = 2147483647;
			files = (
				7D26EE7D289C0D8900E64997 /* LocalNotifications.swift in Sources */,
				7D172FD1288DD8E4000B8192 /* home.swift in Sources */,
				7D7E1DA228A83EC300ED037B /* SetUpofTasks.swift in Sources */,
				7D172FD3288DDA74000B8192 /* CustumDatePicker.swift in Sources */,
				7DABCD21288316C000C77562 /* calendarApp.swift in Sources */,
				7DF9E9572890482E001024EA /* Task.swift in Sources */,
				7DF9E9592893051F001024EA /* AddTask.swift in Sources */,
				7D172FD5288EEDB3000B8192 /* DateValue.swift in Sources */,
			);
			runOnlyForDeploymentPostprocessing = 0;
		};
		7DABCD1A288316C000C77562 /* Sources */ = {
			isa = PBXSourcesBuildPhase;
			buildActionMask = 2147483647;
			files = (
				7DABCD22288316C000C77562 /* calendarApp.swift in Sources */,
			);
			runOnlyForDeploymentPostprocessing = 0;
		};
/* End PBXSourcesBuildPhase section */

/* Begin XCBuildConfiguration section */
		7DABCD27288316C000C77562 /* Debug */ = {
			isa = XCBuildConfiguration;
			buildSettings = {
				ALWAYS_SEARCH_USER_PATHS = NO;
				CLANG_ANALYZER_NONNULL = YES;
				CLANG_ANALYZER_NUMBER_OBJECT_CONVERSION = YES_AGGRESSIVE;
				CLANG_CXX_LANGUAGE_STANDARD = "gnu++17";
				CLANG_ENABLE_MODULES = YES;
				CLANG_ENABLE_OBJC_ARC = YES;
				CLANG_ENABLE_OBJC_WEAK = YES;
				CLANG_WARN_BLOCK_CAPTURE_AUTORELEASING = YES;
				CLANG_WARN_BOOL_CONVERSION = YES;
				CLANG_WARN_COMMA = YES;
				CLANG_WARN_CONSTANT_CONVERSION = YES;
				CLANG_WARN_DEPRECATED_OBJC_IMPLEMENTATIONS = YES;
				CLANG_WARN_DIRECT_OBJC_ISA_USAGE = YES_ERROR;
				CLANG_WARN_DOCUMENTATION_COMMENTS = YES;
				CLANG_WARN_EMPTY_BODY = YES;
				CLANG_WARN_ENUM_CONVERSION = YES;
				CLANG_WARN_INFINITE_RECURSION = YES;
				CLANG_WARN_INT_CONVERSION = YES;
				CLANG_WARN_NON_LITERAL_NULL_CONVERSION = YES;
				CLANG_WARN_OBJC_IMPLICIT_RETAIN_SELF = YES;
				CLANG_WARN_OBJC_LITERAL_CONVERSION = YES;
				CLANG_WARN_OBJC_ROOT_CLASS = YES_ERROR;
				CLANG_WARN_QUOTED_INCLUDE_IN_FRAMEWORK_HEADER = YES;
				CLANG_WARN_RANGE_LOOP_ANALYSIS = YES;
				CLANG_WARN_STRICT_PROTOTYPES = YES;
				CLANG_WARN_SUSPICIOUS_MOVE = YES;
				CLANG_WARN_UNGUARDED_AVAILABILITY = YES_AGGRESSIVE;
				CLANG_WARN_UNREACHABLE_CODE = YES;
				CLANG_WARN__DUPLICATE_METHOD_MATCH = YES;
				COPY_PHASE_STRIP = NO;
				DEBUG_INFORMATION_FORMAT = dwarf;
				ENABLE_STRICT_OBJC_MSGSEND = YES;
				ENABLE_TESTABILITY = YES;
				GCC_C_LANGUAGE_STANDARD = gnu11;
				GCC_DYNAMIC_NO_PIC = NO;
				GCC_NO_COMMON_BLOCKS = YES;
				GCC_OPTIMIZATION_LEVEL = 0;
				GCC_PREPROCESSOR_DEFINITIONS = (
					"DEBUG=1",
					"$(inherited)",
				);
				GCC_WARN_64_TO_32_BIT_CONVERSION = YES;
				GCC_WARN_ABOUT_RETURN_TYPE = YES_ERROR;
				GCC_WARN_UNDECLARED_SELECTOR = YES;
				GCC_WARN_UNINITIALIZED_AUTOS = YES_AGGRESSIVE;
				GCC_WARN_UNUSED_FUNCTION = YES;
				GCC_WARN_UNUSED_VARIABLE = YES;
				MTL_ENABLE_DEBUG_INFO = INCLUDE_SOURCE;
				MTL_FAST_MATH = YES;
				ONLY_ACTIVE_ARCH = YES;
				SWIFT_ACTIVE_COMPILATION_CONDITIONS = DEBUG;
				SWIFT_OPTIMIZATION_LEVEL = "-Onone";
			};
			name = Debug;
		};
		7DABCD28288316C000C77562 /* Release */ = {
			isa = XCBuildConfiguration;
			buildSettings = {
				ALWAYS_SEARCH_USER_PATHS = NO;
				CLANG_ANALYZER_NONNULL = YES;
				CLANG_ANALYZER_NUMBER_OBJECT_CONVERSION = YES_AGGRESSIVE;
				CLANG_CXX_LANGUAGE_STANDARD = "gnu++17";
				CLANG_ENABLE_MODULES = YES;
				CLANG_ENABLE_OBJC_ARC = YES;
				CLANG_ENABLE_OBJC_WEAK = YES;
				CLANG_WARN_BLOCK_CAPTURE_AUTORELEASING = YES;
				CLANG_WARN_BOOL_CONVERSION = YES;
				CLANG_WARN_COMMA = YES;
				CLANG_WARN_CONSTANT_CONVERSION = YES;
				CLANG_WARN_DEPRECATED_OBJC_IMPLEMENTATIONS = YES;
				CLANG_WARN_DIRECT_OBJC_ISA_USAGE = YES_ERROR;
				CLANG_WARN_DOCUMENTATION_COMMENTS = YES;
				CLANG_WARN_EMPTY_BODY = YES;
				CLANG_WARN_ENUM_CONVERSION = YES;
				CLANG_WARN_INFINITE_RECURSION = YES;
				CLANG_WARN_INT_CONVERSION = YES;
				CLANG_WARN_NON_LITERAL_NULL_CONVERSION = YES;
				CLANG_WARN_OBJC_IMPLICIT_RETAIN_SELF = YES;
				CLANG_WARN_OBJC_LITERAL_CONVERSION = YES;
				CLANG_WARN_OBJC_ROOT_CLASS = YES_ERROR;
				CLANG_WARN_QUOTED_INCLUDE_IN_FRAMEWORK_HEADER = YES;
				CLANG_WARN_RANGE_LOOP_ANALYSIS = YES;
				CLANG_WARN_STRICT_PROTOTYPES = YES;
				CLANG_WARN_SUSPICIOUS_MOVE = YES;
				CLANG_WARN_UNGUARDED_AVAILABILITY = YES_AGGRESSIVE;
				CLANG_WARN_UNREACHABLE_CODE = YES;
				CLANG_WARN__DUPLICATE_METHOD_MATCH = YES;
				COPY_PHASE_STRIP = NO;
				DEBUG_INFORMATION_FORMAT = "dwarf-with-dsym";
				ENABLE_NS_ASSERTIONS = NO;
				ENABLE_STRICT_OBJC_MSGSEND = YES;
				GCC_C_LANGUAGE_STANDARD = gnu11;
				GCC_NO_COMMON_BLOCKS = YES;
				GCC_WARN_64_TO_32_BIT_CONVERSION = YES;
				GCC_WARN_ABOUT_RETURN_TYPE = YES_ERROR;
				GCC_WARN_UNDECLARED_SELECTOR = YES;
				GCC_WARN_UNINITIALIZED_AUTOS = YES_AGGRESSIVE;
				GCC_WARN_UNUSED_FUNCTION = YES;
				GCC_WARN_UNUSED_VARIABLE = YES;
				MTL_ENABLE_DEBUG_INFO = NO;
				MTL_FAST_MATH = YES;
				SWIFT_COMPILATION_MODE = wholemodule;
				SWIFT_OPTIMIZATION_LEVEL = "-O";
			};
			name = Release;
		};
		7DABCD2A288316C000C77562 /* Debug */ = {
			isa = XCBuildConfiguration;
			buildSettings = {
				ASSETCATALOG_COMPILER_APPICON_NAME = AppIcon;
				ASSETCATALOG_COMPILER_GLOBAL_ACCENT_COLOR_NAME = AccentColor;
				ASSETCATALOG_COMPILER_INCLUDE_ALL_APPICON_ASSETS = YES;
				CODE_SIGN_IDENTITY = "Apple Development";
				CODE_SIGN_STYLE = Automatic;
				CURRENT_PROJECT_VERSION = 1;
				DEVELOPMENT_TEAM = 7CM9A69BNB;
				ENABLE_PREVIEWS = YES;
				GENERATE_INFOPLIST_FILE = YES;
				INFOPLIST_KEY_UIApplicationSceneManifest_Generation = YES;
				INFOPLIST_KEY_UIApplicationSupportsIndirectInputEvents = YES;
				INFOPLIST_KEY_UILaunchScreen_Generation = YES;
				INFOPLIST_KEY_UILaunchStoryboardName = "Launch Screen";
				INFOPLIST_KEY_UISupportedInterfaceOrientations = "UIInterfaceOrientationPortrait UIInterfaceOrientationPortraitUpsideDown";
				INFOPLIST_KEY_UISupportedInterfaceOrientations_iPad = "UIInterfaceOrientationPortrait UIInterfaceOrientationPortraitUpsideDown UIInterfaceOrientationLandscapeLeft UIInterfaceOrientationLandscapeRight";
				INFOPLIST_KEY_UISupportedInterfaceOrientations_iPhone = "UIInterfaceOrientationPortrait UIInterfaceOrientationLandscapeLeft UIInterfaceOrientationLandscapeRight";
				IPHONEOS_DEPLOYMENT_TARGET = 15.5;
				LD_RUNPATH_SEARCH_PATHS = (
					"$(inherited)",
					"@executable_path/Frameworks",
				);
				MARKETING_VERSION = 1.4;
				PRODUCT_BUNDLE_IDENTIFIER = GretaFarkas.calendar;
				PRODUCT_NAME = "Don't Forget!";
				PROVISIONING_PROFILE_SPECIFIER = "";
				SDKROOT = iphoneos;
				SWIFT_EMIT_LOC_STRINGS = YES;
				SWIFT_VERSION = 5.0;
				TARGETED_DEVICE_FAMILY = "1,2";
			};
			name = Debug;
		};
		7DABCD2B288316C000C77562 /* Release */ = {
			isa = XCBuildConfiguration;
			buildSettings = {
				ASSETCATALOG_COMPILER_APPICON_NAME = AppIcon;
				ASSETCATALOG_COMPILER_GLOBAL_ACCENT_COLOR_NAME = AccentColor;
				ASSETCATALOG_COMPILER_INCLUDE_ALL_APPICON_ASSETS = YES;
				CODE_SIGN_IDENTITY = "Apple Development";
				CODE_SIGN_STYLE = Automatic;
				CURRENT_PROJECT_VERSION = 1;
				DEVELOPMENT_TEAM = 7CM9A69BNB;
				ENABLE_PREVIEWS = YES;
				GENERATE_INFOPLIST_FILE = YES;
				INFOPLIST_KEY_UIApplicationSceneManifest_Generation = YES;
				INFOPLIST_KEY_UIApplicationSupportsIndirectInputEvents = YES;
				INFOPLIST_KEY_UILaunchScreen_Generation = YES;
				INFOPLIST_KEY_UILaunchStoryboardName = "Launch Screen";
				INFOPLIST_KEY_UISupportedInterfaceOrientations = "UIInterfaceOrientationPortrait UIInterfaceOrientationPortraitUpsideDown";
				INFOPLIST_KEY_UISupportedInterfaceOrientations_iPad = "UIInterfaceOrientationPortrait UIInterfaceOrientationPortraitUpsideDown UIInterfaceOrientationLandscapeLeft UIInterfaceOrientationLandscapeRight";
				INFOPLIST_KEY_UISupportedInterfaceOrientations_iPhone = "UIInterfaceOrientationPortrait UIInterfaceOrientationLandscapeLeft UIInterfaceOrientationLandscapeRight";
				IPHONEOS_DEPLOYMENT_TARGET = 15.5;
				LD_RUNPATH_SEARCH_PATHS = (
					"$(inherited)",
					"@executable_path/Frameworks",
				);
				MARKETING_VERSION = 1.4;
				PRODUCT_BUNDLE_IDENTIFIER = GretaFarkas.calendar;
				PRODUCT_NAME = "Don't Forget!";
				PROVISIONING_PROFILE_SPECIFIER = "";
				SDKROOT = iphoneos;
				SWIFT_EMIT_LOC_STRINGS = YES;
				SWIFT_VERSION = 5.0;
				TARGETED_DEVICE_FAMILY = "1,2";
				VALIDATE_PRODUCT = YES;
			};
			name = Release;
		};
		7DABCD2D288316C000C77562 /* Debug */ = {
			isa = XCBuildConfiguration;
			buildSettings = {
				ASSETCATALOG_COMPILER_APPICON_NAME = AppIcon;
				ASSETCATALOG_COMPILER_GLOBAL_ACCENT_COLOR_NAME = AccentColor;
				CODE_SIGN_ENTITLEMENTS = macOS/macOS.entitlements;
				CODE_SIGN_STYLE = Automatic;
				COMBINE_HIDPI_IMAGES = YES;
				CURRENT_PROJECT_VERSION = 1;
				DEVELOPMENT_TEAM = 7CM9A69BNB;
				ENABLE_HARDENED_RUNTIME = YES;
				ENABLE_PREVIEWS = YES;
				GENERATE_INFOPLIST_FILE = YES;
				INFOPLIST_KEY_NSHumanReadableCopyright = "";
				LD_RUNPATH_SEARCH_PATHS = (
					"$(inherited)",
					"@executable_path/../Frameworks",
				);
				MACOSX_DEPLOYMENT_TARGET = 12.3;
				MARKETING_VERSION = 1.0;
				PRODUCT_BUNDLE_IDENTIFIER = GretaFarkas.calendar;
				PRODUCT_NAME = calendar;
				SDKROOT = macosx;
				SWIFT_EMIT_LOC_STRINGS = YES;
				SWIFT_VERSION = 5.0;
			};
			name = Debug;
		};
		7DABCD2E288316C000C77562 /* Release */ = {
			isa = XCBuildConfiguration;
			buildSettings = {
				ASSETCATALOG_COMPILER_APPICON_NAME = AppIcon;
				ASSETCATALOG_COMPILER_GLOBAL_ACCENT_COLOR_NAME = AccentColor;
				CODE_SIGN_ENTITLEMENTS = macOS/macOS.entitlements;
				CODE_SIGN_STYLE = Automatic;
				COMBINE_HIDPI_IMAGES = YES;
				CURRENT_PROJECT_VERSION = 1;
				DEVELOPMENT_TEAM = 7CM9A69BNB;
				ENABLE_HARDENED_RUNTIME = YES;
				ENABLE_PREVIEWS = YES;
				GENERATE_INFOPLIST_FILE = YES;
				INFOPLIST_KEY_NSHumanReadableCopyright = "";
				LD_RUNPATH_SEARCH_PATHS = (
					"$(inherited)",
					"@executable_path/../Frameworks",
				);
				MACOSX_DEPLOYMENT_TARGET = 12.3;
				MARKETING_VERSION = 1.0;
				PRODUCT_BUNDLE_IDENTIFIER = GretaFarkas.calendar;
				PRODUCT_NAME = calendar;
				SDKROOT = macosx;
				SWIFT_EMIT_LOC_STRINGS = YES;
				SWIFT_VERSION = 5.0;
			};
			name = Release;
		};
/* End XCBuildConfiguration section */

/* Begin XCConfigurationList section */
		7DABCD0F288316BE00C77562 /* Build configuration list for PBXProject "calendar" */ = {
			isa = XCConfigurationList;
			buildConfigurations = (
				7DABCD27288316C000C77562 /* Debug */,
				7DABCD28288316C000C77562 /* Release */,
			);
			defaultConfigurationIsVisible = 0;
			defaultConfigurationName = Release;
		};
		7DABCD29288316C000C77562 /* Build configuration list for PBXNativeTarget "calendar (iOS)" */ = {
			isa = XCConfigurationList;
			buildConfigurations = (
				7DABCD2A288316C000C77562 /* Debug */,
				7DABCD2B288316C000C77562 /* Release */,
			);
			defaultConfigurationIsVisible = 0;
			defaultConfigurationName = Release;
		};
		7DABCD2C288316C000C77562 /* Build configuration list for PBXNativeTarget "calendar (macOS)" */ = {
			isa = XCConfigurationList;
			buildConfigurations = (
				7DABCD2D288316C000C77562 /* Debug */,
				7DABCD2E288316C000C77562 /* Release */,
			);
			defaultConfigurationIsVisible = 0;
			defaultConfigurationName = Release;
		};
/* End XCConfigurationList section */
	};
	rootObject = 7DABCD0C288316BE00C77562 /* Project object */;
}
